// !$*UTF8*$!
{
	archiveVersion = 1;
	classes = {
	};
	objectVersion = 46;
	objects = {

/* Begin PBXBuildFile section */
		1A4BC010E384E64CD53B9DD8 /* Pods_QRMarks.framework in Frameworks */ = {isa = PBXBuildFile; fileRef = 6BD80CDF90A1720234FB7947 /* Pods_QRMarks.framework */; };
		C80C0F321E4F2D4700A3321F /* AppDelegate.swift in Sources */ = {isa = PBXBuildFile; fileRef = C80C0F311E4F2D4700A3321F /* AppDelegate.swift */; };
		C80C0F341E4F2D4700A3321F /* QRViewPage.swift in Sources */ = {isa = PBXBuildFile; fileRef = C80C0F331E4F2D4700A3321F /* QRViewPage.swift */; };
		C80C0F371E4F2D4700A3321F /* Main.storyboard in Resources */ = {isa = PBXBuildFile; fileRef = C80C0F351E4F2D4700A3321F /* Main.storyboard */; };
		C80C0F391E4F2D4700A3321F /* Assets.xcassets in Resources */ = {isa = PBXBuildFile; fileRef = C80C0F381E4F2D4700A3321F /* Assets.xcassets */; };
		C80C0F3C1E4F2D4700A3321F /* LaunchScreen.storyboard in Resources */ = {isa = PBXBuildFile; fileRef = C80C0F3A1E4F2D4700A3321F /* LaunchScreen.storyboard */; };
		C8301B2C1E672E5400A54F75 /* TODO in Resources */ = {isa = PBXBuildFile; fileRef = C8301B2B1E672E5400A54F75 /* TODO */; };
		C840C96B1E51B167005FE361 /* User.swift in Sources */ = {isa = PBXBuildFile; fileRef = C840C96A1E51B167005FE361 /* User.swift */; };
		C840C96D1E51C083005FE361 /* QRViewDatasource.swift in Sources */ = {isa = PBXBuildFile; fileRef = C840C96C1E51C083005FE361 /* QRViewDatasource.swift */; };
		C840C96F1E51D6D6005FE361 /* QRReaderController.swift in Sources */ = {isa = PBXBuildFile; fileRef = C840C96E1E51D6D6005FE361 /* QRReaderController.swift */; };
		C8445B441E51FAE3003FD4A4 /* ReaderViewController.swift in Sources */ = {isa = PBXBuildFile; fileRef = C8445B431E51FAE3003FD4A4 /* ReaderViewController.swift */; };
		C8445B461E51FD30003FD4A4 /* QRDelegate.swift in Sources */ = {isa = PBXBuildFile; fileRef = C8445B451E51FD30003FD4A4 /* QRDelegate.swift */; };
		C8445B481E51FD51003FD4A4 /* Util.swift in Sources */ = {isa = PBXBuildFile; fileRef = C8445B471E51FD51003FD4A4 /* Util.swift */; };
		C8445B501E520A4B003FD4A4 /* UserCreationVC.swift in Sources */ = {isa = PBXBuildFile; fileRef = C8445B4F1E520A4B003FD4A4 /* UserCreationVC.swift */; };
		C84F03561E65C57F00B6163C /* HomeDatasource.swift in Sources */ = {isa = PBXBuildFile; fileRef = C84F03551E65C57F00B6163C /* HomeDatasource.swift */; };
		C85708C81E523DF60004B574 /* tessdata in Resources */ = {isa = PBXBuildFile; fileRef = C85708C71E523DF60004B574 /* tessdata */; };
		C859DEBF1E5EF0E900AD4DF9 /* Analytics.swift in Sources */ = {isa = PBXBuildFile; fileRef = C859DEBE1E5EF0E900AD4DF9 /* Analytics.swift */; };
		C865FEC41E573F24001EE6DA /* SplashVc.swift in Sources */ = {isa = PBXBuildFile; fileRef = C865FEC31E573F24001EE6DA /* SplashVc.swift */; };
		C86A2A741E55DDD900772855 /* GoogleService-Info.plist in Resources */ = {isa = PBXBuildFile; fileRef = C86A2A731E55DDD900772855 /* GoogleService-Info.plist */; };
		C86A2A761E55EBCA00772855 /* Posts.swift in Sources */ = {isa = PBXBuildFile; fileRef = C86A2A751E55EBCA00772855 /* Posts.swift */; };
		C86A2A781E5601B000772855 /* DownloadManager.swift in Sources */ = {isa = PBXBuildFile; fileRef = C86A2A771E5601B000772855 /* DownloadManager.swift */; };
		C885EC6E1E53486000084C87 /* libz.tbd in Frameworks */ = {isa = PBXBuildFile; fileRef = C85708C51E5236250004B574 /* libz.tbd */; };
		C8C5223F1E55C21A0007F49C /* HomeViewController.swift in Sources */ = {isa = PBXBuildFile; fileRef = C8C5223E1E55C21A0007F49C /* HomeViewController.swift */; };
		C8C522431E55C4C30007F49C /* Anchor.swift in Sources */ = {isa = PBXBuildFile; fileRef = C8C522421E55C4C30007F49C /* Anchor.swift */; };
		C8C711D91E571A9E001A130F /* QRDatasource.swift in Sources */ = {isa = PBXBuildFile; fileRef = C8C711D81E571A9E001A130F /* QRDatasource.swift */; };
		C8CD17041E55C0090033EF45 /* DataService.swift in Sources */ = {isa = PBXBuildFile; fileRef = C8CD17031E55C0090033EF45 /* DataService.swift */; };
		C8E511B21E66CC3F005A19CE /* CaptureSessionDelegate.swift in Sources */ = {isa = PBXBuildFile; fileRef = C8E511B11E66CC3F005A19CE /* CaptureSessionDelegate.swift */; };
		C8F9928E1E68753800E07EB0 /* RegisterViewController.swift in Sources */ = {isa = PBXBuildFile; fileRef = C8F9928D1E68753800E07EB0 /* RegisterViewController.swift */; };
		C8F992901E68831900E07EB0 /* AuthManager.swift in Sources */ = {isa = PBXBuildFile; fileRef = C8F9928F1E68831900E07EB0 /* AuthManager.swift */; };
/* End PBXBuildFile section */

/* Begin PBXFileReference section */
		008838B87867F46B77534C1F /* Pods-QRMarks.release.xcconfig */ = {isa = PBXFileReference; includeInIndex = 1; lastKnownFileType = text.xcconfig; name = "Pods-QRMarks.release.xcconfig"; path = "Pods/Target Support Files/Pods-QRMarks/Pods-QRMarks.release.xcconfig"; sourceTree = "<group>"; };
		6BD80CDF90A1720234FB7947 /* Pods_QRMarks.framework */ = {isa = PBXFileReference; explicitFileType = wrapper.framework; includeInIndex = 0; path = Pods_QRMarks.framework; sourceTree = BUILT_PRODUCTS_DIR; };
		7AE64CA745B44D92646AC190 /* Pods-QRMarks.debug.xcconfig */ = {isa = PBXFileReference; includeInIndex = 1; lastKnownFileType = text.xcconfig; name = "Pods-QRMarks.debug.xcconfig"; path = "Pods/Target Support Files/Pods-QRMarks/Pods-QRMarks.debug.xcconfig"; sourceTree = "<group>"; };
		C80C0F2E1E4F2D4700A3321F /* QRMarks.app */ = {isa = PBXFileReference; explicitFileType = wrapper.application; includeInIndex = 0; path = QRMarks.app; sourceTree = BUILT_PRODUCTS_DIR; };
		C80C0F311E4F2D4700A3321F /* AppDelegate.swift */ = {isa = PBXFileReference; lastKnownFileType = sourcecode.swift; path = AppDelegate.swift; sourceTree = "<group>"; };
		C80C0F331E4F2D4700A3321F /* QRViewPage.swift */ = {isa = PBXFileReference; lastKnownFileType = sourcecode.swift; path = QRViewPage.swift; sourceTree = "<group>"; };
		C80C0F361E4F2D4700A3321F /* Base */ = {isa = PBXFileReference; lastKnownFileType = file.storyboard; name = Base; path = Base.lproj/Main.storyboard; sourceTree = "<group>"; };
		C80C0F381E4F2D4700A3321F /* Assets.xcassets */ = {isa = PBXFileReference; lastKnownFileType = folder.assetcatalog; path = Assets.xcassets; sourceTree = "<group>"; };
		C80C0F3B1E4F2D4700A3321F /* Base */ = {isa = PBXFileReference; lastKnownFileType = file.storyboard; name = Base; path = Base.lproj/LaunchScreen.storyboard; sourceTree = "<group>"; };
		C80C0F3D1E4F2D4700A3321F /* Info.plist */ = {isa = PBXFileReference; lastKnownFileType = text.plist.xml; path = Info.plist; sourceTree = "<group>"; };
		C8301B2B1E672E5400A54F75 /* TODO */ = {isa = PBXFileReference; fileEncoding = 4; lastKnownFileType = text; path = TODO; sourceTree = "<group>"; };
		C840C96A1E51B167005FE361 /* User.swift */ = {isa = PBXFileReference; fileEncoding = 4; lastKnownFileType = sourcecode.swift; path = User.swift; sourceTree = "<group>"; };
		C840C96C1E51C083005FE361 /* QRViewDatasource.swift */ = {isa = PBXFileReference; fileEncoding = 4; lastKnownFileType = sourcecode.swift; path = QRViewDatasource.swift; sourceTree = "<group>"; };
		C840C96E1E51D6D6005FE361 /* QRReaderController.swift */ = {isa = PBXFileReference; fileEncoding = 4; lastKnownFileType = sourcecode.swift; path = QRReaderController.swift; sourceTree = "<group>"; };
		C8445B431E51FAE3003FD4A4 /* ReaderViewController.swift */ = {isa = PBXFileReference; fileEncoding = 4; lastKnownFileType = sourcecode.swift; path = ReaderViewController.swift; sourceTree = "<group>"; };
		C8445B451E51FD30003FD4A4 /* QRDelegate.swift */ = {isa = PBXFileReference; fileEncoding = 4; lastKnownFileType = sourcecode.swift; path = QRDelegate.swift; sourceTree = "<group>"; };
		C8445B471E51FD51003FD4A4 /* Util.swift */ = {isa = PBXFileReference; fileEncoding = 4; lastKnownFileType = sourcecode.swift; path = Util.swift; sourceTree = "<group>"; };
		C8445B4F1E520A4B003FD4A4 /* UserCreationVC.swift */ = {isa = PBXFileReference; fileEncoding = 4; lastKnownFileType = sourcecode.swift; path = UserCreationVC.swift; sourceTree = "<group>"; };
		C84F03551E65C57F00B6163C /* HomeDatasource.swift */ = {isa = PBXFileReference; fileEncoding = 4; lastKnownFileType = sourcecode.swift; path = HomeDatasource.swift; sourceTree = "<group>"; };
		C85708C51E5236250004B574 /* libz.tbd */ = {isa = PBXFileReference; lastKnownFileType = "sourcecode.text-based-dylib-definition"; name = libz.tbd; path = usr/lib/libz.tbd; sourceTree = SDKROOT; };
		C85708C71E523DF60004B574 /* tessdata */ = {isa = PBXFileReference; lastKnownFileType = folder; name = tessdata; path = ../../../../Downloads/tessdata; sourceTree = "<group>"; };
		C859DEBE1E5EF0E900AD4DF9 /* Analytics.swift */ = {isa = PBXFileReference; fileEncoding = 4; lastKnownFileType = sourcecode.swift; path = Analytics.swift; sourceTree = "<group>"; };
		C865FEC31E573F24001EE6DA /* SplashVc.swift */ = {isa = PBXFileReference; fileEncoding = 4; lastKnownFileType = sourcecode.swift; path = SplashVc.swift; sourceTree = "<group>"; };
		C86A2A731E55DDD900772855 /* GoogleService-Info.plist */ = {isa = PBXFileReference; fileEncoding = 4; lastKnownFileType = text.plist.xml; path = "GoogleService-Info.plist"; sourceTree = "<group>"; };
		C86A2A751E55EBCA00772855 /* Posts.swift */ = {isa = PBXFileReference; fileEncoding = 4; lastKnownFileType = sourcecode.swift; path = Posts.swift; sourceTree = "<group>"; };
		C86A2A771E5601B000772855 /* DownloadManager.swift */ = {isa = PBXFileReference; fileEncoding = 4; lastKnownFileType = sourcecode.swift; path = DownloadManager.swift; sourceTree = "<group>"; };
		C885EC681E5345BB00084C87 /* TesseractOCR.framework */ = {isa = PBXFileReference; lastKnownFileType = wrapper.framework; name = TesseractOCR.framework; path = "../../../Library/Developer/Xcode/DerivedData/QRMarks-fuxdebzawzckgzcojvphiejizajz/Build/Products/Debug-iphoneos/TesseractOCRiOS/TesseractOCR.framework"; sourceTree = "<group>"; };
		C885EC6A1E5345DC00084C87 /* libstdc++.tbd */ = {isa = PBXFileReference; lastKnownFileType = "sourcecode.text-based-dylib-definition"; name = "libstdc++.tbd"; path = "usr/lib/libstdc++.tbd"; sourceTree = SDKROOT; };
		C885EC6C1E53477500084C87 /* libc++.tbd */ = {isa = PBXFileReference; lastKnownFileType = "sourcecode.text-based-dylib-definition"; name = "libc++.tbd"; path = "usr/lib/libc++.tbd"; sourceTree = SDKROOT; };
		C8C5223E1E55C21A0007F49C /* HomeViewController.swift */ = {isa = PBXFileReference; fileEncoding = 4; lastKnownFileType = sourcecode.swift; path = HomeViewController.swift; sourceTree = "<group>"; };
		C8C522421E55C4C30007F49C /* Anchor.swift */ = {isa = PBXFileReference; fileEncoding = 4; lastKnownFileType = sourcecode.swift; path = Anchor.swift; sourceTree = "<group>"; };
		C8C711D81E571A9E001A130F /* QRDatasource.swift */ = {isa = PBXFileReference; fileEncoding = 4; lastKnownFileType = sourcecode.swift; path = QRDatasource.swift; sourceTree = "<group>"; };
		C8CD17031E55C0090033EF45 /* DataService.swift */ = {isa = PBXFileReference; fileEncoding = 4; lastKnownFileType = sourcecode.swift; path = DataService.swift; sourceTree = "<group>"; };
		C8E511B11E66CC3F005A19CE /* CaptureSessionDelegate.swift */ = {isa = PBXFileReference; fileEncoding = 4; lastKnownFileType = sourcecode.swift; path = CaptureSessionDelegate.swift; sourceTree = "<group>"; };
		C8F9928D1E68753800E07EB0 /* RegisterViewController.swift */ = {isa = PBXFileReference; fileEncoding = 4; lastKnownFileType = sourcecode.swift; path = RegisterViewController.swift; sourceTree = "<group>"; };
		C8F9928F1E68831900E07EB0 /* AuthManager.swift */ = {isa = PBXFileReference; fileEncoding = 4; lastKnownFileType = sourcecode.swift; path = AuthManager.swift; sourceTree = "<group>"; };
/* End PBXFileReference section */

/* Begin PBXFrameworksBuildPhase section */
		C80C0F2B1E4F2D4700A3321F /* Frameworks */ = {
			isa = PBXFrameworksBuildPhase;
			buildActionMask = 2147483647;
			files = (
				C885EC6E1E53486000084C87 /* libz.tbd in Frameworks */,
				1A4BC010E384E64CD53B9DD8 /* Pods_QRMarks.framework in Frameworks */,
			);
			runOnlyForDeploymentPostprocessing = 0;
		};
/* End PBXFrameworksBuildPhase section */

/* Begin PBXGroup section */
		940D93513115C6FB136454DB /* Pods */ = {
			isa = PBXGroup;
			children = (
				7AE64CA745B44D92646AC190 /* Pods-QRMarks.debug.xcconfig */,
				008838B87867F46B77534C1F /* Pods-QRMarks.release.xcconfig */,
			);
			name = Pods;
			sourceTree = "<group>";
		};
		C80C0F251E4F2D4700A3321F = {
			isa = PBXGroup;
			children = (
				C80C0F301E4F2D4700A3321F /* QRMarks */,
				C80C0F2F1E4F2D4700A3321F /* Products */,
				940D93513115C6FB136454DB /* Pods */,
				F472CBFF9A4B166A11C11772 /* Frameworks */,
			);
			sourceTree = "<group>";
		};
		C80C0F2F1E4F2D4700A3321F /* Products */ = {
			isa = PBXGroup;
			children = (
				C80C0F2E1E4F2D4700A3321F /* QRMarks.app */,
			);
			name = Products;
			sourceTree = "<group>";
		};
		C80C0F301E4F2D4700A3321F /* QRMarks */ = {
			isa = PBXGroup;
			children = (
				C8301B2B1E672E5400A54F75 /* TODO */,
				C80C0F311E4F2D4700A3321F /* AppDelegate.swift */,
				C8B4027C1E69CAA400CA3363 /* Managers */,
				C8445B4B1E51FD91003FD4A4 /* Model */,
				C8445B4C1E51FD9B003FD4A4 /* View */,
				C8C711DD1E571BF6001A130F /* Delegate */,
				C8445B4D1E51FDAC003FD4A4 /* Datasource */,
				C8445B491E51FD6F003FD4A4 /* Controller */,
				C80C0F351E4F2D4700A3321F /* Main.storyboard */,
				C80C0F381E4F2D4700A3321F /* Assets.xcassets */,
				C80C0F3A1E4F2D4700A3321F /* LaunchScreen.storyboard */,
				C80C0F3D1E4F2D4700A3321F /* Info.plist */,
				C885EC6F1E5364A100084C87 /* Extra */,
			);
			path = QRMarks;
			sourceTree = "<group>";
		};
		C8445B491E51FD6F003FD4A4 /* Controller */ = {
			isa = PBXGroup;
			children = (
				C8445B4A1E51FD82003FD4A4 /* Super */,
				C865FEC31E573F24001EE6DA /* SplashVc.swift */,
				C8F9928D1E68753800E07EB0 /* RegisterViewController.swift */,
				C8C5223E1E55C21A0007F49C /* HomeViewController.swift */,
				C80C0F331E4F2D4700A3321F /* QRViewPage.swift */,
				C840C96E1E51D6D6005FE361 /* QRReaderController.swift */,
				C8445B4F1E520A4B003FD4A4 /* UserCreationVC.swift */,
			);
			name = Controller;
			sourceTree = "<group>";
		};
		C8445B4A1E51FD82003FD4A4 /* Super */ = {
			isa = PBXGroup;
			children = (
				C8445B431E51FAE3003FD4A4 /* ReaderViewController.swift */,
			);
			name = Super;
			sourceTree = "<group>";
		};
		C8445B4B1E51FD91003FD4A4 /* Model */ = {
			isa = PBXGroup;
			children = (
				C840C96A1E51B167005FE361 /* User.swift */,
				C86A2A751E55EBCA00772855 /* Posts.swift */,
			);
			name = Model;
			sourceTree = "<group>";
		};
		C8445B4C1E51FD9B003FD4A4 /* View */ = {
			isa = PBXGroup;
			children = (
			);
			name = View;
			sourceTree = "<group>";
		};
		C8445B4D1E51FDAC003FD4A4 /* Datasource */ = {
			isa = PBXGroup;
			children = (
				C8C522491E55CB290007F49C /* Super */,
				C840C96C1E51C083005FE361 /* QRViewDatasource.swift */,
				C84F03551E65C57F00B6163C /* HomeDatasource.swift */,
			);
			name = Datasource;
			sourceTree = "<group>";
		};
		C885EC6F1E5364A100084C87 /* Extra */ = {
			isa = PBXGroup;
			children = (
				C85708C71E523DF60004B574 /* tessdata */,
				C86A2A731E55DDD900772855 /* GoogleService-Info.plist */,
				C8C522421E55C4C30007F49C /* Anchor.swift */,
				C8CD17031E55C0090033EF45 /* DataService.swift */,
				C8445B471E51FD51003FD4A4 /* Util.swift */,
			);
			name = Extra;
			sourceTree = "<group>";
		};
		C8B4027C1E69CAA400CA3363 /* Managers */ = {
			isa = PBXGroup;
			children = (
				C86A2A771E5601B000772855 /* DownloadManager.swift */,
				C8F9928F1E68831900E07EB0 /* AuthManager.swift */,
				C859DEBE1E5EF0E900AD4DF9 /* Analytics.swift */,
			);
			name = Managers;
			sourceTree = "<group>";
		};
		C8C522491E55CB290007F49C /* Super */ = {
			isa = PBXGroup;
			children = (
				C8C711D81E571A9E001A130F /* QRDatasource.swift */,
			);
			name = Super;
			sourceTree = "<group>";
		};
		C8C711DD1E571BF6001A130F /* Delegate */ = {
			isa = PBXGroup;
			children = (
				C8445B451E51FD30003FD4A4 /* QRDelegate.swift */,
				C8E511B11E66CC3F005A19CE /* CaptureSessionDelegate.swift */,
			);
			name = Delegate;
			sourceTree = "<group>";
		};
		F472CBFF9A4B166A11C11772 /* Frameworks */ = {
			isa = PBXGroup;
			children = (
				C885EC6C1E53477500084C87 /* libc++.tbd */,
				C885EC6A1E5345DC00084C87 /* libstdc++.tbd */,
				C885EC681E5345BB00084C87 /* TesseractOCR.framework */,
				C85708C51E5236250004B574 /* libz.tbd */,
				6BD80CDF90A1720234FB7947 /* Pods_QRMarks.framework */,
			);
			name = Frameworks;
			sourceTree = "<group>";
		};
/* End PBXGroup section */

/* Begin PBXNativeTarget section */
		C80C0F2D1E4F2D4700A3321F /* QRMarks */ = {
			isa = PBXNativeTarget;
			buildConfigurationList = C80C0F401E4F2D4700A3321F /* Build configuration list for PBXNativeTarget "QRMarks" */;
			buildPhases = (
				63EF7299645F6FD2B72676C3 /* [CP] Check Pods Manifest.lock */,
				C80C0F2A1E4F2D4700A3321F /* Sources */,
				C80C0F2B1E4F2D4700A3321F /* Frameworks */,
				C80C0F2C1E4F2D4700A3321F /* Resources */,
				0A9576BD463BE54C576B018F /* [CP] Embed Pods Frameworks */,
				AB494CCE146F031B0FB6E6A7 /* [CP] Copy Pods Resources */,
				C8B4027B1E69AABD00CA3363 /* ShellScript */,
			);
			buildRules = (
			);
			dependencies = (
			);
			name = QRMarks;
			productName = QRMarks;
			productReference = C80C0F2E1E4F2D4700A3321F /* QRMarks.app */;
			productType = "com.apple.product-type.application";
		};
/* End PBXNativeTarget section */

/* Begin PBXProject section */
		C80C0F261E4F2D4700A3321F /* Project object */ = {
			isa = PBXProject;
			attributes = {
				LastSwiftUpdateCheck = 0820;
				LastUpgradeCheck = 0820;
				ORGANIZATIONNAME = "Off Piste";
				TargetAttributes = {
					C80C0F2D1E4F2D4700A3321F = {
						CreatedOnToolsVersion = 8.2.1;
						DevelopmentTeam = 5XGDY49LZ5;
						LastSwiftMigration = 0820;
						ProvisioningStyle = Automatic;
					};
				};
			};
			buildConfigurationList = C80C0F291E4F2D4700A3321F /* Build configuration list for PBXProject "QRMarks" */;
			compatibilityVersion = "Xcode 3.2";
			developmentRegion = English;
			hasScannedForEncodings = 0;
			knownRegions = (
				en,
				Base,
			);
			mainGroup = C80C0F251E4F2D4700A3321F;
			productRefGroup = C80C0F2F1E4F2D4700A3321F /* Products */;
			projectDirPath = "";
			projectRoot = "";
			targets = (
				C80C0F2D1E4F2D4700A3321F /* QRMarks */,
			);
		};
/* End PBXProject section */

/* Begin PBXResourcesBuildPhase section */
		C80C0F2C1E4F2D4700A3321F /* Resources */ = {
			isa = PBXResourcesBuildPhase;
			buildActionMask = 2147483647;
			files = (
				C8301B2C1E672E5400A54F75 /* TODO in Resources */,
				C80C0F3C1E4F2D4700A3321F /* LaunchScreen.storyboard in Resources */,
				C85708C81E523DF60004B574 /* tessdata in Resources */,
				C86A2A741E55DDD900772855 /* GoogleService-Info.plist in Resources */,
				C80C0F391E4F2D4700A3321F /* Assets.xcassets in Resources */,
				C80C0F371E4F2D4700A3321F /* Main.storyboard in Resources */,
			);
			runOnlyForDeploymentPostprocessing = 0;
		};
/* End PBXResourcesBuildPhase section */

/* Begin PBXShellScriptBuildPhase section */
		0A9576BD463BE54C576B018F /* [CP] Embed Pods Frameworks */ = {
			isa = PBXShellScriptBuildPhase;
			buildActionMask = 2147483647;
			files = (
			);
			inputPaths = (
			);
			name = "[CP] Embed Pods Frameworks";
			outputPaths = (
			);
			runOnlyForDeploymentPostprocessing = 0;
			shellPath = /bin/sh;
			shellScript = "\"${SRCROOT}/Pods/Target Support Files/Pods-QRMarks/Pods-QRMarks-frameworks.sh\"\n";
			showEnvVarsInLog = 0;
		};
		63EF7299645F6FD2B72676C3 /* [CP] Check Pods Manifest.lock */ = {
			isa = PBXShellScriptBuildPhase;
			buildActionMask = 2147483647;
			files = (
			);
			inputPaths = (
			);
			name = "[CP] Check Pods Manifest.lock";
			outputPaths = (
			);
			runOnlyForDeploymentPostprocessing = 0;
			shellPath = /bin/sh;
			shellScript = "diff \"${PODS_ROOT}/../Podfile.lock\" \"${PODS_ROOT}/Manifest.lock\" > /dev/null\nif [ $? != 0 ] ; then\n    # print error to STDERR\n    echo \"error: The sandbox is not in sync with the Podfile.lock. Run 'pod install' or update your CocoaPods installation.\" >&2\n    exit 1\nfi\n";
			showEnvVarsInLog = 0;
		};
		AB494CCE146F031B0FB6E6A7 /* [CP] Copy Pods Resources */ = {
			isa = PBXShellScriptBuildPhase;
			buildActionMask = 2147483647;
			files = (
			);
			inputPaths = (
			);
			name = "[CP] Copy Pods Resources";
			outputPaths = (
			);
			runOnlyForDeploymentPostprocessing = 0;
			shellPath = /bin/sh;
			shellScript = "\"${SRCROOT}/Pods/Target Support Files/Pods-QRMarks/Pods-QRMarks-resources.sh\"\n";
			showEnvVarsInLog = 0;
		};
		C8B4027B1E69AABD00CA3363 /* ShellScript */ = {
			isa = PBXShellScriptBuildPhase;
			buildActionMask = 2147483647;
			files = (
			);
			inputPaths = (
			);
			outputPaths = (
			);
			runOnlyForDeploymentPostprocessing = 0;
			shellPath = /bin/sh;
			shellScript = "\"${PODS_ROOT}/Fabric/run\" 824cc0e6ac41d91794516857cb79cbe75f9f3681 64f59ec7dad6136b39b8eddfd4fb98ab74c35e1fc53bc94ee655ea7462906e48";
		};
/* End PBXShellScriptBuildPhase section */

/* Begin PBXSourcesBuildPhase section */
		C80C0F2A1E4F2D4700A3321F /* Sources */ = {
			isa = PBXSourcesBuildPhase;
			buildActionMask = 2147483647;
			files = (
				C80C0F341E4F2D4700A3321F /* QRViewPage.swift in Sources */,
				C80C0F321E4F2D4700A3321F /* AppDelegate.swift in Sources */,
				C8445B501E520A4B003FD4A4 /* UserCreationVC.swift in Sources */,
				C840C96D1E51C083005FE361 /* QRViewDatasource.swift in Sources */,
				C8445B481E51FD51003FD4A4 /* Util.swift in Sources */,
				C859DEBF1E5EF0E900AD4DF9 /* Analytics.swift in Sources */,
				C8E511B21E66CC3F005A19CE /* CaptureSessionDelegate.swift in Sources */,
				C8CD17041E55C0090033EF45 /* DataService.swift in Sources */,
				C8C711D91E571A9E001A130F /* QRDatasource.swift in Sources */,
				C86A2A761E55EBCA00772855 /* Posts.swift in Sources */,
				C865FEC41E573F24001EE6DA /* SplashVc.swift in Sources */,
				C8F9928E1E68753800E07EB0 /* RegisterViewController.swift in Sources */,
				C8F992901E68831900E07EB0 /* AuthManager.swift in Sources */,
				C8445B461E51FD30003FD4A4 /* QRDelegate.swift in Sources */,
				C86A2A781E5601B000772855 /* DownloadManager.swift in Sources */,
				C8C522431E55C4C30007F49C /* Anchor.swift in Sources */,
				C840C96F1E51D6D6005FE361 /* QRReaderController.swift in Sources */,
				C84F03561E65C57F00B6163C /* HomeDatasource.swift in Sources */,
				C8C5223F1E55C21A0007F49C /* HomeViewController.swift in Sources */,
				C840C96B1E51B167005FE361 /* User.swift in Sources */,
				C8445B441E51FAE3003FD4A4 /* ReaderViewController.swift in Sources */,
			);
			runOnlyForDeploymentPostprocessing = 0;
		};
/* End PBXSourcesBuildPhase section */

/* Begin PBXVariantGroup section */
		C80C0F351E4F2D4700A3321F /* Main.storyboard */ = {
			isa = PBXVariantGroup;
			children = (
				C80C0F361E4F2D4700A3321F /* Base */,
			);
			name = Main.storyboard;
			sourceTree = "<group>";
		};
		C80C0F3A1E4F2D4700A3321F /* LaunchScreen.storyboard */ = {
			isa = PBXVariantGroup;
			children = (
				C80C0F3B1E4F2D4700A3321F /* Base */,
			);
			name = LaunchScreen.storyboard;
			sourceTree = "<group>";
		};
/* End PBXVariantGroup section */

/* Begin XCBuildConfiguration section */
		C80C0F3E1E4F2D4700A3321F /* Debug */ = {
			isa = XCBuildConfiguration;
			buildSettings = {
				ALWAYS_SEARCH_USER_PATHS = NO;
				CLANG_ANALYZER_NONNULL = YES;
				CLANG_CXX_LANGUAGE_STANDARD = "gnu++0x";
				CLANG_CXX_LIBRARY = "libc++";
				CLANG_ENABLE_MODULES = YES;
				CLANG_ENABLE_OBJC_ARC = YES;
				CLANG_WARN_BOOL_CONVERSION = YES;
				CLANG_WARN_CONSTANT_CONVERSION = YES;
				CLANG_WARN_DIRECT_OBJC_ISA_USAGE = YES_ERROR;
				CLANG_WARN_DOCUMENTATION_COMMENTS = YES;
				CLANG_WARN_EMPTY_BODY = YES;
				CLANG_WARN_ENUM_CONVERSION = YES;
				CLANG_WARN_INFINITE_RECURSION = YES;
				CLANG_WARN_INT_CONVERSION = YES;
				CLANG_WARN_OBJC_ROOT_CLASS = YES_ERROR;
				CLANG_WARN_SUSPICIOUS_MOVE = YES;
				CLANG_WARN_UNREACHABLE_CODE = YES;
				CLANG_WARN__DUPLICATE_METHOD_MATCH = YES;
				"CODE_SIGN_IDENTITY[sdk=iphoneos*]" = "iPhone Developer";
				COPY_PHASE_STRIP = NO;
				DEBUG_INFORMATION_FORMAT = dwarf;
				ENABLE_BITCODE = NO;
				ENABLE_STRICT_OBJC_MSGSEND = YES;
				ENABLE_TESTABILITY = YES;
				GCC_C_LANGUAGE_STANDARD = gnu99;
				GCC_DYNAMIC_NO_PIC = NO;
				GCC_NO_COMMON_BLOCKS = YES;
				GCC_OPTIMIZATION_LEVEL = 0;
				GCC_PREPROCESSOR_DEFINITIONS = (
					"DEBUG=1",
					"$(inherited)",
				);
				GCC_WARN_64_TO_32_BIT_CONVERSION = YES;
				GCC_WARN_ABOUT_RETURN_TYPE = YES_ERROR;
				GCC_WARN_UNDECLARED_SELECTOR = YES;
				GCC_WARN_UNINITIALIZED_AUTOS = YES_AGGRESSIVE;
				GCC_WARN_UNUSED_FUNCTION = YES;
				GCC_WARN_UNUSED_VARIABLE = YES;
				IPHONEOS_DEPLOYMENT_TARGET = 10.2;
				MTL_ENABLE_DEBUG_INFO = YES;
				ONLY_ACTIVE_ARCH = YES;
				SDKROOT = iphoneos;
				SWIFT_ACTIVE_COMPILATION_CONDITIONS = DEBUG;
				SWIFT_OPTIMIZATION_LEVEL = "-Onone";
			};
			name = Debug;
		};
		C80C0F3F1E4F2D4700A3321F /* Release */ = {
			isa = XCBuildConfiguration;
			buildSettings = {
				ALWAYS_SEARCH_USER_PATHS = NO;
				CLANG_ANALYZER_NONNULL = YES;
				CLANG_CXX_LANGUAGE_STANDARD = "gnu++0x";
				CLANG_CXX_LIBRARY = "libc++";
				CLANG_ENABLE_MODULES = YES;
				CLANG_ENABLE_OBJC_ARC = YES;
				CLANG_WARN_BOOL_CONVERSION = YES;
				CLANG_WARN_CONSTANT_CONVERSION = YES;
				CLANG_WARN_DIRECT_OBJC_ISA_USAGE = YES_ERROR;
				CLANG_WARN_DOCUMENTATION_COMMENTS = YES;
				CLANG_WARN_EMPTY_BODY = YES;
				CLANG_WARN_ENUM_CONVERSION = YES;
				CLANG_WARN_INFINITE_RECURSION = YES;
				CLANG_WARN_INT_CONVERSION = YES;
				CLANG_WARN_OBJC_ROOT_CLASS = YES_ERROR;
				CLANG_WARN_SUSPICIOUS_MOVE = YES;
				CLANG_WARN_UNREACHABLE_CODE = YES;
				CLANG_WARN__DUPLICATE_METHOD_MATCH = YES;
				"CODE_SIGN_IDENTITY[sdk=iphoneos*]" = "iPhone Developer";
				COPY_PHASE_STRIP = NO;
				DEBUG_INFORMATION_FORMAT = "dwarf-with-dsym";
				ENABLE_BITCODE = NO;
				ENABLE_NS_ASSERTIONS = NO;
				ENABLE_STRICT_OBJC_MSGSEND = YES;
				GCC_C_LANGUAGE_STANDARD = gnu99;
				GCC_NO_COMMON_BLOCKS = YES;
				GCC_WARN_64_TO_32_BIT_CONVERSION = YES;
				GCC_WARN_ABOUT_RETURN_TYPE = YES_ERROR;
				GCC_WARN_UNDECLARED_SELECTOR = YES;
				GCC_WARN_UNINITIALIZED_AUTOS = YES_AGGRESSIVE;
				GCC_WARN_UNUSED_FUNCTION = YES;
				GCC_WARN_UNUSED_VARIABLE = YES;
				IPHONEOS_DEPLOYMENT_TARGET = 10.2;
				MTL_ENABLE_DEBUG_INFO = NO;
				SDKROOT = iphoneos;
				SWIFT_OPTIMIZATION_LEVEL = "-Owholemodule";
				VALIDATE_PRODUCT = YES;
			};
			name = Release;
		};
		C80C0F411E4F2D4700A3321F /* Debug */ = {
			isa = XCBuildConfiguration;
			baseConfigurationReference = 7AE64CA745B44D92646AC190 /* Pods-QRMarks.debug.xcconfig */;
			buildSettings = {
				ASSETCATALOG_COMPILER_APPICON_NAME = AppIcon;
				CLANG_ENABLE_MODULES = YES;
				DEVELOPMENT_TEAM = 5XGDY49LZ5;
				ENABLE_BITCODE = NO;
				FRAMEWORK_SEARCH_PATHS = (
					"$(inherited)",
					"$(PROJECT_DIR)",
				);
				INFOPLIST_FILE = QRMarks/Info.plist;
				LD_RUNPATH_SEARCH_PATHS = "$(inherited) @executable_path/Frameworks";
				PRODUCT_BUNDLE_IDENTIFIER = com.offpiste.QRMarks;
				PRODUCT_NAME = "$(TARGET_NAME)";
				SWIFT_OBJC_BRIDGING_HEADER = "";
				SWIFT_OPTIMIZATION_LEVEL = "-Onone";
				SWIFT_VERSION = 3.0;
			};
			name = Debug;
		};
		C80C0F421E4F2D4700A3321F /* Release */ = {
			isa = XCBuildConfiguration;
			baseConfigurationReference = 008838B87867F46B77534C1F /* Pods-QRMarks.release.xcconfig */;
			buildSettings = {
				ASSETCATALOG_COMPILER_APPICON_NAME = AppIcon;
				CLANG_ENABLE_MODULES = YES;
				DEVELOPMENT_TEAM = 5XGDY49LZ5;
				ENABLE_BITCODE = NO;
				FRAMEWORK_SEARCH_PATHS = (
					"$(inherited)",
					"$(PROJECT_DIR)",
				);
				INFOPLIST_FILE = QRMarks/Info.plist;
				LD_RUNPATH_SEARCH_PATHS = "$(inherited) @executable_path/Frameworks";
				PRODUCT_BUNDLE_IDENTIFIER = com.offpiste.QRMarks;
				PRODUCT_NAME = "$(TARGET_NAME)";
				SWIFT_OBJC_BRIDGING_HEADER = "";
				SWIFT_VERSION = 3.0;
			};
			name = Release;
		};
/* End XCBuildConfiguration section */

/* Begin XCConfigurationList section */
		C80C0F291E4F2D4700A3321F /* Build configuration list for PBXProject "QRMarks" */ = {
			isa = XCConfigurationList;
			buildConfigurations = (
				C80C0F3E1E4F2D4700A3321F /* Debug */,
				C80C0F3F1E4F2D4700A3321F /* Release */,
			);
			defaultConfigurationIsVisible = 0;
			defaultConfigurationName = Release;
		};
		C80C0F401E4F2D4700A3321F /* Build configuration list for PBXNativeTarget "QRMarks" */ = {
			isa = XCConfigurationList;
			buildConfigurations = (
				C80C0F411E4F2D4700A3321F /* Debug */,
				C80C0F421E4F2D4700A3321F /* Release */,
			);
			defaultConfigurationIsVisible = 0;
			defaultConfigurationName = Release;
		};
/* End XCConfigurationList section */
	};
	rootObject = C80C0F261E4F2D4700A3321F /* Project object */;
}
